
Microsoft Visual Studio Solution File, Format Version 12.00
# Visual Studio Version 16
VisualStudioVersion = 16.0.30621.155
MinimumVisualStudioVersion = 10.0.40219.1
Project("{9A19103F-16F7-4668-BE54-9A1E7A4F7556}") = "BookStore", "BookStore\BookStore.csproj", "{C0778994-B56B-4684-8848-A512CAF0893B}"
	ProjectSection(ProjectDependencies) = postProject
		{D3CBD580-EFC1-4919-BDBC-37D7741228B8} = {D3CBD580-EFC1-4919-BDBC-37D7741228B8}
	EndProjectSection
EndProject
Project("{00D1A9C2-B5F0-4AF3-8072-F6C62B433612}") = "SQLScript", "BookStorage\SQLScript.sqlproj", "{CCA163B6-98C1-4408-AC0C-40D9CB4F6BE6}"
EndProject
Project("{9A19103F-16F7-4668-BE54-9A1E7A4F7556}") = "DataAccesLier", "DataAccesLier\DataAccesLier.csproj", "{D3CBD580-EFC1-4919-BDBC-37D7741228B8}"
EndProject
Global
	GlobalSection(SolutionConfigurationPlatforms) = preSolution
		Debug|Any CPU = Debug|Any CPU
		Release|Any CPU = Release|Any CPU
	EndGlobalSection
	GlobalSection(ProjectConfigurationPlatforms) = postSolution
		{C0778994-B56B-4684-8848-A512CAF0893B}.Debug|Any CPU.ActiveCfg = Debug|Any CPU
		{C0778994-B56B-4684-8848-A512CAF0893B}.Debug|Any CPU.Build.0 = Debug|Any CPU
		{C0778994-B56B-4684-8848-A512CAF0893B}.Release|Any CPU.ActiveCfg = Release|Any CPU
		{C0778994-B56B-4684-8848-A512CAF0893B}.Release|Any CPU.Build.0 = Release|Any CPU
		{CCA163B6-98C1-4408-AC0C-40D9CB4F6BE6}.Debug|Any CPU.ActiveCfg = Debug|Any CPU
		{CCA163B6-98C1-4408-AC0C-40D9CB4F6BE6}.Debug|Any CPU.Build.0 = Debug|Any CPU
		{CCA163B6-98C1-4408-AC0C-40D9CB4F6BE6}.Debug|Any CPU.Deploy.0 = Debug|Any CPU
		{CCA163B6-98C1-4408-AC0C-40D9CB4F6BE6}.Release|Any CPU.ActiveCfg = Release|Any CPU
		{CCA163B6-98C1-4408-AC0C-40D9CB4F6BE6}.Release|Any CPU.Build.0 = Release|Any CPU
		{CCA163B6-98C1-4408-AC0C-40D9CB4F6BE6}.Release|Any CPU.Deploy.0 = Release|Any CPU
		{D3CBD580-EFC1-4919-BDBC-37D7741228B8}.Debug|Any CPU.ActiveCfg = Debug|Any CPU
		{D3CBD580-EFC1-4919-BDBC-37D7741228B8}.Debug|Any CPU.Build.0 = Debug|Any CPU
		{D3CBD580-EFC1-4919-BDBC-37D7741228B8}.Release|Any CPU.ActiveCfg = Release|Any CPU
		{D3CBD580-EFC1-4919-BDBC-37D7741228B8}.Release|Any CPU.Build.0 = Release|Any CPU
	EndGlobalSection
	GlobalSection(SolutionProperties) = preSolution
		HideSolutionNode = FALSE
	EndGlobalSection
	GlobalSection(ExtensibilityGlobals) = postSolution
		SolutionGuid = {6E650C08-9D44-4F44-9525-E59552CDD7F4}
	EndGlobalSection
EndGlobal
